{
  "name": "FluxOut",
  "version": "0.0.1",
  "lockfileVersion": 1,
  "requires": true,
  "dependencies": {
    "@ionic/storage": {
      "version": "2.0.1",
      "resolved": "https://registry.npmjs.org/@ionic/storage/-/storage-2.0.1.tgz",
      "integrity": "sha1-uxqMJ2AH0AjXrN2kJrVgZbD9PAs=",
      "requires": {
        "@types/localforage": "0.0.30",
        "localforage": "1.4.3",
        "localforage-cordovasqlitedriver": "1.5.0"
      }
    },
    "@types/localforage": {
      "version": "0.0.30",
      "resolved": "https://registry.npmjs.org/@types/localforage/-/localforage-0.0.30.tgz",
      "integrity": "sha1-PWCmv23aOOP4pGlhFZg3nx9klQk="
    },
    "acorn": {
      "version": "1.2.2",
      "resolved": "https://registry.npmjs.org/acorn/-/acorn-1.2.2.tgz",
      "integrity": "sha1-yM4n3grMdtiW0rH6099YjZ6C8BQ="
    },
    "amdefine": {
      "version": "1.0.1",
      "resolved": "https://registry.npmjs.org/amdefine/-/amdefine-1.0.1.tgz",
      "integrity": "sha1-SlKCrBZHKek2Gbz9OtFR+BfOkfU="
    },
    "ast-types": {
      "version": "0.8.15",
      "resolved": "https://registry.npmjs.org/ast-types/-/ast-types-0.8.15.tgz",
      "integrity": "sha1-ju8IJ/BN/w7IhXupJavj/qYZTlI="
    },
    "base62": {
      "version": "0.1.1",
      "resolved": "https://registry.npmjs.org/base62/-/base62-0.1.1.tgz",
      "integrity": "sha1-e0F0wvlESXU7EcJlHAg9qEGnsIQ="
    },
    "cordova-ios": {
      "version": "4.4.0",
      "resolved": "https://registry.npmjs.org/cordova-ios/-/cordova-ios-4.4.0.tgz",
      "integrity": "sha1-XNbvciRQXbVYRG5GN62X0IeMdO8=",
      "requires": {
        "cordova-common": "2.0.2",
        "ios-sim": "5.0.12",
        "nopt": "3.0.6",
        "plist": "1.2.0",
        "q": "1.4.1",
        "shelljs": "0.5.3",
        "xcode": "0.9.3",
        "xml-escape": "1.1.0"
      },
      "dependencies": {
        "abbrev": {
          "version": "1.0.9",
          "bundled": true
        },
        "ansi": {
          "version": "0.3.1",
          "bundled": true
        },
        "balanced-match": {
          "version": "0.4.2",
          "bundled": true
        },
        "base64-js": {
          "version": "0.0.8",
          "bundled": true
        },
        "big-integer": {
          "version": "1.6.17",
          "bundled": true
        },
        "bplist-creator": {
          "version": "0.0.4",
          "bundled": true,
          "requires": {
            "stream-buffers": "0.2.6"
          }
        },
        "bplist-parser": {
          "version": "0.1.1",
          "bundled": true,
          "requires": {
            "big-integer": "1.6.17"
          }
        },
        "brace-expansion": {
          "version": "1.1.6",
          "bundled": true,
          "requires": {
            "balanced-match": "0.4.2",
            "concat-map": "0.0.1"
          }
        },
        "concat-map": {
          "version": "0.0.1",
          "bundled": true
        },
        "cordova-common": {
          "version": "2.0.2",
          "bundled": true,
          "requires": {
            "ansi": "0.3.1",
            "bplist-parser": "0.1.1",
            "cordova-registry-mapper": "1.1.15",
            "elementtree": "0.1.6",
            "glob": "5.0.15",
            "minimatch": "3.0.3",
            "osenv": "0.1.3",
            "plist": "1.2.0",
            "q": "1.4.1",
            "semver": "5.3.0",
            "shelljs": "0.5.3",
            "underscore": "1.8.3",
            "unorm": "1.4.1"
          }
        },
        "cordova-registry-mapper": {
          "version": "1.1.15",
          "bundled": true
        },
        "elementtree": {
          "version": "0.1.6",
          "bundled": true,
          "requires": {
            "sax": "0.3.5"
          }
        },
        "glob": {
          "version": "5.0.15",
          "bundled": true,
          "requires": {
            "inflight": "1.0.6",
            "inherits": "2.0.3",
            "minimatch": "3.0.3",
            "once": "1.4.0",
            "path-is-absolute": "1.0.1"
          }
        },
        "inflight": {
          "version": "1.0.6",
          "bundled": true,
          "requires": {
            "once": "1.4.0",
            "wrappy": "1.0.2"
          }
        },
        "inherits": {
          "version": "2.0.3",
          "bundled": true
        },
        "ios-sim": {
          "version": "5.0.12",
          "bundled": true,
          "requires": {
            "bplist-parser": "0.0.6",
            "nopt": "1.0.9",
            "plist": "1.2.0",
            "simctl": "0.1.0"
          },
          "dependencies": {
            "bplist-parser": {
              "version": "0.0.6",
              "bundled": true
            },
            "nopt": {
              "version": "1.0.9",
              "bundled": true,
              "requires": {
                "abbrev": "1.0.9"
              }
            }
          }
        },
        "lodash": {
          "version": "3.10.1",
          "bundled": true
        },
        "minimatch": {
          "version": "3.0.3",
          "bundled": true,
          "requires": {
            "brace-expansion": "1.1.6"
          }
        },
        "node-uuid": {
          "version": "1.4.7",
          "bundled": true
        },
        "nopt": {
          "version": "3.0.6",
          "bundled": true,
          "requires": {
            "abbrev": "1.0.9"
          }
        },
        "once": {
          "version": "1.4.0",
          "bundled": true,
          "requires": {
            "wrappy": "1.0.2"
          }
        },
        "os-homedir": {
          "version": "1.0.2",
          "bundled": true
        },
        "os-tmpdir": {
          "version": "1.0.2",
          "bundled": true
        },
        "osenv": {
          "version": "0.1.3",
          "bundled": true,
          "requires": {
            "os-homedir": "1.0.2",
            "os-tmpdir": "1.0.2"
          }
        },
        "path-is-absolute": {
          "version": "1.0.1",
          "bundled": true
        },
        "pegjs": {
          "version": "0.9.0",
          "bundled": true
        },
        "plist": {
          "version": "1.2.0",
          "bundled": true,
          "requires": {
            "base64-js": "0.0.8",
            "util-deprecate": "1.0.2",
            "xmlbuilder": "4.0.0",
            "xmldom": "0.1.27"
          }
        },
        "q": {
          "version": "1.4.1",
          "bundled": true
        },
        "sax": {
          "version": "0.3.5",
          "bundled": true
        },
        "semver": {
          "version": "5.3.0",
          "bundled": true
        },
        "shelljs": {
          "version": "0.5.3",
          "bundled": true
        },
        "simctl": {
          "version": "0.1.0",
          "bundled": true,
          "requires": {
            "shelljs": "0.2.6",
            "tail": "0.4.0"
          },
          "dependencies": {
            "shelljs": {
              "version": "0.2.6",
              "bundled": true
            }
          }
        },
        "simple-plist": {
          "version": "0.1.4",
          "bundled": true,
          "requires": {
            "bplist-creator": "0.0.4",
            "bplist-parser": "0.0.6",
            "plist": "1.2.0"
          },
          "dependencies": {
            "bplist-parser": {
              "version": "0.0.6",
              "bundled": true
            }
          }
        },
        "stream-buffers": {
          "version": "0.2.6",
          "bundled": true
        },
        "tail": {
          "version": "0.4.0",
          "bundled": true
        },
        "underscore": {
          "version": "1.8.3",
          "bundled": true
        },
        "unorm": {
          "version": "1.4.1",
          "bundled": true
        },
        "util-deprecate": {
          "version": "1.0.2",
          "bundled": true
        },
        "wrappy": {
          "version": "1.0.2",
          "bundled": true
        },
        "xcode": {
          "version": "0.9.3",
          "resolved": "https://registry.npmjs.org/xcode/-/xcode-0.9.3.tgz",
          "integrity": "sha1-kQqJwWrubMC0LKgFptC0z4chHPM=",
          "requires": {
            "pegjs": "0.10.0",
            "simple-plist": "0.2.1",
            "uuid": "3.0.1"
          },
          "dependencies": {
            "base64-js": {
              "version": "1.1.2",
              "resolved": "https://registry.npmjs.org/base64-js/-/base64-js-1.1.2.tgz",
              "integrity": "sha1-1kAMrBxMZgl22Q0HoENR2JOV9eg="
            },
            "bplist-creator": {
              "version": "0.0.7",
              "resolved": "https://registry.npmjs.org/bplist-creator/-/bplist-creator-0.0.7.tgz",
              "integrity": "sha1-N98VNgkoJLh8QvlXsBNEEXNyrkU=",
              "requires": {
                "stream-buffers": "2.2.0"
              }
            },
            "pegjs": {
              "version": "0.10.0",
              "resolved": "https://registry.npmjs.org/pegjs/-/pegjs-0.10.0.tgz",
              "integrity": "sha1-z4uvrm7d/0tafvsYUmnqr0YQ3b0="
            },
            "plist": {
              "version": "2.0.1",
              "resolved": "https://registry.npmjs.org/plist/-/plist-2.0.1.tgz",
              "integrity": "sha1-CjLKlIGxw2TpLhjcVch23p0B2os=",
              "requires": {
                "base64-js": "1.1.2",
                "xmlbuilder": "8.2.2",
                "xmldom": "0.1.27"
              }
            },
            "simple-plist": {
              "version": "0.2.1",
              "resolved": "https://registry.npmjs.org/simple-plist/-/simple-plist-0.2.1.tgz",
              "integrity": "sha1-cXZts1IyaSjPOoByQrp2IyJjZyM=",
              "requires": {
                "bplist-creator": "0.0.7",
                "bplist-parser": "0.1.1",
                "plist": "2.0.1"
              }
            },
            "stream-buffers": {
              "version": "2.2.0",
              "resolved": "https://registry.npmjs.org/stream-buffers/-/stream-buffers-2.2.0.tgz",
              "integrity": "sha1-kdX1Ew0c75bc+n9yaUUYh0HQnuQ="
            },
            "uuid": {
              "version": "3.0.1",
              "resolved": "https://registry.npmjs.org/uuid/-/uuid-3.0.1.tgz",
              "integrity": "sha1-ZUS7ot/ajBzxfmKaOjBeK7H+5sE="
            },
            "xmlbuilder": {
              "version": "8.2.2",
              "resolved": "https://registry.npmjs.org/xmlbuilder/-/xmlbuilder-8.2.2.tgz",
              "integrity": "sha1-aSSGc0ELS6QuGmE2VR0pIjNap3M="
            }
          }
        },
        "xml-escape": {
          "version": "1.1.0",
          "bundled": true
        },
        "xmlbuilder": {
          "version": "4.0.0",
          "bundled": true,
          "requires": {
            "lodash": "3.10.1"
          }
        },
        "xmldom": {
          "version": "0.1.27",
          "bundled": true
        }
      }
    },
    "cordova-plugin-console": {
      "version": "1.0.5",
      "resolved": "https://registry.npmjs.org/cordova-plugin-console/-/cordova-plugin-console-1.0.5.tgz",
      "integrity": "sha1-8OKa7pwDyrnp2IOwHRnyLd1chXA="
    },
    "cordova-plugin-device": {
      "version": "1.1.4",
      "resolved": "https://registry.npmjs.org/cordova-plugin-device/-/cordova-plugin-device-1.1.4.tgz",
      "integrity": "sha1-1f50cSBp0D9tOG7wvTIbOr0NONw="
    },
    "cordova-plugin-splashscreen": {
      "version": "4.0.3",
      "resolved": "https://registry.npmjs.org/cordova-plugin-splashscreen/-/cordova-plugin-splashscreen-4.0.3.tgz",
      "integrity": "sha1-dzzRNjwfO6y5kBZj6eN5PdPgoZ0="
    },
    "cordova-plugin-statusbar": {
      "version": "2.2.2",
      "resolved": "https://registry.npmjs.org/cordova-plugin-statusbar/-/cordova-plugin-statusbar-2.2.2.tgz",
      "integrity": "sha1-nFM0JqKb0ojnOx86iXLuFkRQ+2s="
    },
    "cordova-plugin-whitelist": {
      "version": "1.3.1",
      "resolved": "https://registry.npmjs.org/cordova-plugin-whitelist/-/cordova-plugin-whitelist-1.3.1.tgz",
      "integrity": "sha1-n9Hbf9bJVpUdNHcc3Nl/Zs7VFt8="
    },
    "cordova-plugin-x-socialsharing": {
      "version": "5.2.0",
      "resolved": "https://registry.npmjs.org/cordova-plugin-x-socialsharing/-/cordova-plugin-x-socialsharing-5.2.0.tgz",
      "integrity": "sha1-GiJHa8WNRsHSqahMTxIeYpysqxQ="
    },
    "core-util-is": {
      "version": "1.0.2",
      "resolved": "https://registry.npmjs.org/core-util-is/-/core-util-is-1.0.2.tgz",
      "integrity": "sha1-tf1UIgqivFq1eqtxQMlAdUUDwac="
    },
    "es3ify": {
      "version": "0.1.4",
      "resolved": "https://registry.npmjs.org/es3ify/-/es3ify-0.1.4.tgz",
      "integrity": "sha1-rZ+l3xrjTz8x4SEbWBiy1RB439E=",
      "requires": {
        "esprima-fb": "3001.1.0-dev-harmony-fb",
        "jstransform": "3.0.0",
        "through": "2.3.8"
      }
    },
    "es6-promise-plugin": {
      "version": "4.1.0",
      "resolved": "https://registry.npmjs.org/es6-promise-plugin/-/es6-promise-plugin-4.1.0.tgz",
      "integrity": "sha1-8GEHOZhEUJ6quo7QcHfSiKXKaX4="
    },
    "esmangle-evaluator": {
      "version": "1.0.1",
      "resolved": "https://registry.npmjs.org/esmangle-evaluator/-/esmangle-evaluator-1.0.1.tgz",
      "integrity": "sha1-Yg2GbvSGGzMR91dm1SqFcrs8YzY="
    },
    "esprima-fb": {
      "version": "3001.1.0-dev-harmony-fb",
      "resolved": "https://registry.npmjs.org/esprima-fb/-/esprima-fb-3001.0001.0000-dev-harmony-fb.tgz",
      "integrity": "sha1-t303q8046gt3Qmu4vCkizmtCZBE="
    },
    "falafel": {
      "version": "1.2.0",
      "resolved": "https://registry.npmjs.org/falafel/-/falafel-1.2.0.tgz",
      "integrity": "sha1-wY0k71CRF0pJfzGM0ksCaiXN2rQ=",
      "requires": {
        "acorn": "1.2.2",
        "foreach": "2.0.5",
        "isarray": "0.0.1",
        "object-keys": "1.0.11"
      }
    },
    "foreach": {
      "version": "2.0.5",
      "resolved": "https://registry.npmjs.org/foreach/-/foreach-2.0.5.tgz",
      "integrity": "sha1-C+4AUBiusmDQo6865ljdATbsG5k="
    },
    "immediate": {
      "version": "3.0.6",
      "resolved": "https://registry.npmjs.org/immediate/-/immediate-3.0.6.tgz",
      "integrity": "sha1-nbHb0Pr43m++D13V5Wu2BigN5ps="
    },
    "inherits": {
      "version": "2.0.3",
      "resolved": "https://registry.npmjs.org/inherits/-/inherits-2.0.3.tgz",
      "integrity": "sha1-Yzwsg+PaQqUC9SRmAiSA9CCCYd4="
    },
    "inline-process-browser": {
      "version": "1.0.0",
      "resolved": "https://registry.npmjs.org/inline-process-browser/-/inline-process-browser-1.0.0.tgz",
      "integrity": "sha1-RqYbFT3TybFiSxoAYm7bT39BTyI=",
      "requires": {
        "falafel": "1.2.0",
        "through2": "0.6.5"
      }
    },
    "ionic-plugin-keyboard": {
      "version": "2.2.1",
      "resolved": "https://registry.npmjs.org/ionic-plugin-keyboard/-/ionic-plugin-keyboard-2.2.1.tgz",
      "integrity": "sha1-8qnhabvptVIkADR8n9bTRn7j+hI="
    },
    "ionicons": {
      "version": "3.0.0",
      "resolved": "https://registry.npmjs.org/ionicons/-/ionicons-3.0.0.tgz",
      "integrity": "sha1-QLja9P16MRUL0AIWD2ZJbiKpjDw="
    },
    "isarray": {
      "version": "0.0.1",
      "resolved": "https://registry.npmjs.org/isarray/-/isarray-0.0.1.tgz",
      "integrity": "sha1-ihis/Kmo9Bd+Cav8YDiTmwXR7t8="
    },
    "jstransform": {
      "version": "3.0.0",
      "resolved": "https://registry.npmjs.org/jstransform/-/jstransform-3.0.0.tgz",
      "integrity": "sha1-olkats7o2XvzvoMNv6IxO4fNZAs=",
      "requires": {
        "base62": "0.1.1",
        "esprima-fb": "3001.1.0-dev-harmony-fb",
        "source-map": "0.1.31"
      },
      "dependencies": {
        "source-map": {
          "version": "0.1.31",
          "resolved": "https://registry.npmjs.org/source-map/-/source-map-0.1.31.tgz",
          "integrity": "sha1-n3BNDWnZ4TioG63267T94z0VHGE=",
          "requires": {
            "amdefine": "1.0.1"
          }
        }
      }
    },
    "lie": {
      "version": "3.0.2",
      "resolved": "https://registry.npmjs.org/lie/-/lie-3.0.2.tgz",
      "integrity": "sha1-/9oh17uibzd8rYZdNkmy/Izjn+o=",
      "requires": {
        "es3ify": "0.1.4",
        "immediate": "3.0.6",
        "inline-process-browser": "1.0.0",
        "unreachable-branch-transform": "0.3.0"
      }
    },
    "localforage": {
      "version": "1.4.3",
      "resolved": "https://registry.npmjs.org/localforage/-/localforage-1.4.3.tgz",
      "integrity": "sha1-ohJUPDnHx2Qk7dEr9HTEiarKSUw=",
      "requires": {
        "lie": "3.0.2"
      }
    },
    "localforage-cordovasqlitedriver": {
      "version": "1.5.0",
      "resolved": "https://registry.npmjs.org/localforage-cordovasqlitedriver/-/localforage-cordovasqlitedriver-1.5.0.tgz",
      "integrity": "sha1-+TR4nmrZo5usBf3RFogS9DhTV2I=",
      "requires": {
        "@types/localforage": "0.0.30",
        "localforage": "1.4.3"
      }
    },
    "object-keys": {
      "version": "1.0.11",
      "resolved": "https://registry.npmjs.org/object-keys/-/object-keys-1.0.11.tgz",
      "integrity": "sha1-xUYBd4rVYPEULODgG8yotW0TQm0="
    },
    "path-to-regexp": {
      "version": "1.7.0",
      "resolved": "https://registry.npmjs.org/path-to-regexp/-/path-to-regexp-1.7.0.tgz",
      "integrity": "sha1-Wf3g9DW62suhA6hOnTvGTpa5k30=",
      "requires": {
        "isarray": "0.0.1"
      }
    },
    "private": {
      "version": "0.1.7",
      "resolved": "https://registry.npmjs.org/private/-/private-0.1.7.tgz",
      "integrity": "sha1-aM5eih7woju1cMwoU3tTMqumPvE="
    },
    "readable-stream": {
      "version": "1.0.34",
      "resolved": "https://registry.npmjs.org/readable-stream/-/readable-stream-1.0.34.tgz",
      "integrity": "sha1-Elgg40vIQtLyqq+v5MKRbuMsFXw=",
      "requires": {
        "core-util-is": "1.0.2",
        "inherits": "2.0.3",
        "isarray": "0.0.1",
        "string_decoder": "0.10.31"
      }
    },
    "recast": {
      "version": "0.10.43",
      "resolved": "https://registry.npmjs.org/recast/-/recast-0.10.43.tgz",
      "integrity": "sha1-uV1Q9tYHYaX2JS4V2AZ4FoSRzn8=",
      "requires": {
        "ast-types": "0.8.15",
        "esprima-fb": "15001.1001.0-dev-harmony-fb",
        "private": "0.1.7",
        "source-map": "0.5.7"
      },
      "dependencies": {
        "esprima-fb": {
          "version": "15001.1001.0-dev-harmony-fb",
          "resolved": "https://registry.npmjs.org/esprima-fb/-/esprima-fb-15001.1001.0-dev-harmony-fb.tgz",
          "integrity": "sha1-Q761fsJujPI3092LM+QlM1d/Jlk="
        }
      }
    },
    "serviceworker-cache-polyfill": {
      "version": "4.0.0",
      "resolved": "https://registry.npmjs.org/serviceworker-cache-polyfill/-/serviceworker-cache-polyfill-4.0.0.tgz",
      "integrity": "sha1-3hnuc77yGrPAdAo3sz22JGS6ves="
    },
    "source-map": {
      "version": "0.5.7",
      "resolved": "https://registry.npmjs.org/source-map/-/source-map-0.5.7.tgz",
      "integrity": "sha1-igOdLRAh0i0eoUyA2OpGi6LvP8w="
    },
    "string_decoder": {
      "version": "0.10.31",
      "resolved": "https://registry.npmjs.org/string_decoder/-/string_decoder-0.10.31.tgz",
      "integrity": "sha1-YuIDvEF2bGwoyfyEMB2rHFMQ+pQ="
    },
    "sw-toolbox": {
      "version": "3.6.0",
      "resolved": "https://registry.npmjs.org/sw-toolbox/-/sw-toolbox-3.6.0.tgz",
      "integrity": "sha1-Jt8dHHA0hljk3qKIQxkUm3sxg7U=",
      "requires": {
        "path-to-regexp": "1.7.0",
        "serviceworker-cache-polyfill": "4.0.0"
      }
    },
    "through": {
      "version": "2.3.8",
      "resolved": "https://registry.npmjs.org/through/-/through-2.3.8.tgz",
      "integrity": "sha1-DdTJ/6q8NXlgsbckEV1+Doai4fU="
    },
    "through2": {
      "version": "0.6.5",
      "resolved": "https://registry.npmjs.org/through2/-/through2-0.6.5.tgz",
      "integrity": "sha1-QaucZ7KdVyCQcUEOHXp6lozTrUg=",
      "requires": {
        "readable-stream": "1.0.34",
        "xtend": "4.0.1"
      }
    },
    "typescript": {
      "version": "2.3.4",
      "resolved": "https://registry.npmjs.org/typescript/-/typescript-2.3.4.tgz",
      "integrity": "sha1-PTgyGCgjHkNPKHUUlZw3qCtin0I=",
      "dev": true
    },
    "unreachable-branch-transform": {
      "version": "0.3.0",
      "resolved": "https://registry.npmjs.org/unreachable-branch-transform/-/unreachable-branch-transform-0.3.0.tgz",
      "integrity": "sha1-2ZzExudG0mSSiEW2EdtUsPNHTKo=",
      "requires": {
        "esmangle-evaluator": "1.0.1",
        "recast": "0.10.43",
        "through2": "0.6.5"
      }
    },
    "xtend": {
      "version": "4.0.1",
      "resolved": "https://registry.npmjs.org/xtend/-/xtend-4.0.1.tgz",
      "integrity": "sha1-pcbVMr5lbiPbgg77lDofBJmNY68="
    }
  }
}
